<?xml version="1.0" encoding="utf-8"?>
<Project ToolsVersion="4.0" xmlns="http://schemas.microsoft.com/developer/msbuild/2003">
  <ItemGroup>
    <Filter Include="win32">
      <UniqueIdentifier>{84a8ebd7-7cf0-47f6-b75e-d441df67da40}</UniqueIdentifier>
    </Filter>
    <Filter Include="Classes">
      <UniqueIdentifier>{bb6c862e-70e9-49d9-81b7-3829a6f50471}</UniqueIdentifier>
    </Filter>
    <Filter Include="resource">
      <UniqueIdentifier>{715254bc-d70b-4ec5-bf29-467dd3ace079}</UniqueIdentifier>
    </Filter>
    <Filter Include="Classes\UserInterface">
      <UniqueIdentifier>{516ee7ba-a9b4-42de-b2ed-90376323d587}</UniqueIdentifier>
    </Filter>
    <Filter Include="Classes\UserInterface\Scenes">
      <UniqueIdentifier>{8ef11866-a860-4d74-a843-806f66e50643}</UniqueIdentifier>
    </Filter>
    <Filter Include="Classes\Infrastructure">
      <UniqueIdentifier>{ba6c2bdc-1412-4a80-a1cd-287c462bb432}</UniqueIdentifier>
    </Filter>
    <Filter Include="Classes\ThirdParty">
      <UniqueIdentifier>{8ee2ed0f-07ca-43e1-8ace-423ea0297afc}</UniqueIdentifier>
    </Filter>
    <Filter Include="Classes\ThirdParty\Cocos2d-x">
      <UniqueIdentifier>{90e71eac-ce17-4a0c-b999-ddca001ad12d}</UniqueIdentifier>
    </Filter>
    <Filter Include="Classes\Logging">
      <UniqueIdentifier>{aae7c09b-fe16-486a-8bd7-fdf148b24def}</UniqueIdentifier>
    </Filter>
    <Filter Include="Classes\UserInterface\Widgets">
      <UniqueIdentifier>{e482a481-dd79-4996-9cf6-8ceb52abaa15}</UniqueIdentifier>
    </Filter>
  </ItemGroup>
  <ItemGroup>
    <ClCompile Include="main.cpp">
      <Filter>win32</Filter>
    </ClCompile>
    <ClCompile Include="..\Classes\UserInterface\Scenes\HelloWorldScene.cpp">
      <Filter>Classes\UserInterface\Scenes</Filter>
    </ClCompile>
    <ClCompile Include="..\Classes\UserInterface\Scenes\EthnicityListScene.cpp">
      <Filter>Classes\UserInterface\Scenes</Filter>
    </ClCompile>
    <ClCompile Include="..\Classes\Logging\Assertion.cpp">
      <Filter>Classes\Logging</Filter>
    </ClCompile>
    <ClCompile Include="..\Classes\Infrastructure\AppDelegate.cpp">
      <Filter>Classes\Infrastructure</Filter>
    </ClCompile>
    <ClCompile Include="..\Classes\UserInterface\Widgets\FilteringListStuffer.cpp">
      <Filter>Classes\UserInterface\Widgets</Filter>
    </ClCompile>
    <ClCompile Include="..\Classes\UserInterface\Widgets\FilteringList.cpp">
      <Filter>Classes\UserInterface\Widgets</Filter>
    </ClCompile>
  </ItemGroup>
  <ItemGroup>
    <ClInclude Include="main.h">
      <Filter>win32</Filter>
    </ClInclude>
    <ClInclude Include="..\Classes\UserInterface\Scenes\EthnicityListScene.h">
      <Filter>Classes\UserInterface\Scenes</Filter>
    </ClInclude>
    <ClInclude Include="..\Classes\UserInterface\Scenes\HelloWorldScene.h">
      <Filter>Classes\UserInterface\Scenes</Filter>
    </ClInclude>
    <ClInclude Include="..\Classes\ThirdParty\Cocos2d-x\Cocos2d-x.h">
      <Filter>Classes\ThirdParty\Cocos2d-x</Filter>
    </ClInclude>
    <ClInclude Include="..\Classes\Logging\Assertion.h">
      <Filter>Classes\Logging</Filter>
    </ClInclude>
    <ClInclude Include="..\Classes\Logging\Log.h">
      <Filter>Classes\Logging</Filter>
    </ClInclude>
    <ClInclude Include="..\Classes\Infrastructure\AppDelegate.h">
      <Filter>Classes\Infrastructure</Filter>
    </ClInclude>
    <ClInclude Include="..\Classes\UserInterface\Widgets\FilteringListStuffer.h">
      <Filter>Classes\UserInterface\Widgets</Filter>
    </ClInclude>
    <ClInclude Include="..\Classes\UserInterface\Widgets\FilteringList.h">
      <Filter>Classes\UserInterface\Widgets</Filter>
    </ClInclude>
  </ItemGroup>
  <ItemGroup>
    <ResourceCompile Include="game.rc">
      <Filter>resource</Filter>
    </ResourceCompile>
  </ItemGroup>
</Project>